// !$*UTF8*$!
{
	archiveVersion = 1;
	classes = {
	};
	objectVersion = 50;
	objects = {

/* Begin PBXBuildFile section */
		1F39D7462214BEBC0089F641 /* FavoritesCollectionViewCell.swift in Sources */ = {isa = PBXBuildFile; fileRef = 1F39D7452214BEBC0089F641 /* FavoritesCollectionViewCell.swift */; };
		1F39D7482215D9A00089F641 /* SecretKeys.swift in Sources */ = {isa = PBXBuildFile; fileRef = 1F39D7472215D9A00089F641 /* SecretKeys.swift */; };
		2E3C931A2211E0F4006FEA3F /* SearchViewController.swift in Sources */ = {isa = PBXBuildFile; fileRef = 2E3C93192211E0F4006FEA3F /* SearchViewController.swift */; };
		2E3C931C2211E129006FEA3F /* MapViewController.swift in Sources */ = {isa = PBXBuildFile; fileRef = 2E3C931B2211E129006FEA3F /* MapViewController.swift */; };
		2E3C931F2211E1D1006FEA3F /* SettingsViewController.swift in Sources */ = {isa = PBXBuildFile; fileRef = 2E3C931E2211E1D1006FEA3F /* SettingsViewController.swift */; };
		2E3C93212211E1EA006FEA3F /* FavoritesViewController.swift in Sources */ = {isa = PBXBuildFile; fileRef = 2E3C93202211E1EA006FEA3F /* FavoritesViewController.swift */; };
		2E3C93232211E21A006FEA3F /* SearchDetailViewController.swift in Sources */ = {isa = PBXBuildFile; fileRef = 2E3C93222211E21A006FEA3F /* SearchDetailViewController.swift */; };
		2E3C93252211E4A2006FEA3F /* SearchView.swift in Sources */ = {isa = PBXBuildFile; fileRef = 2E3C93242211E4A2006FEA3F /* SearchView.swift */; };
		2E3C93272211E4D2006FEA3F /* SearchDetailView.swift in Sources */ = {isa = PBXBuildFile; fileRef = 2E3C93262211E4D2006FEA3F /* SearchDetailView.swift */; };
		2E3C93292211E4ED006FEA3F /* MapView.swift in Sources */ = {isa = PBXBuildFile; fileRef = 2E3C93282211E4ED006FEA3F /* MapView.swift */; };
		2E3C932B2211E524006FEA3F /* SettingsView.swift in Sources */ = {isa = PBXBuildFile; fileRef = 2E3C932A2211E524006FEA3F /* SettingsView.swift */; };
		2E3C932D2211E531006FEA3F /* FavoritesView.swift in Sources */ = {isa = PBXBuildFile; fileRef = 2E3C932C2211E531006FEA3F /* FavoritesView.swift */; };
		2E3C93302211E5BE006FEA3F /* Venue.swift in Sources */ = {isa = PBXBuildFile; fileRef = 2E3C932F2211E5BE006FEA3F /* Venue.swift */; };
		2E3C93322211E5EC006FEA3F /* Photo.swift in Sources */ = {isa = PBXBuildFile; fileRef = 2E3C93312211E5EC006FEA3F /* Photo.swift */; };
		2E3C93542214C464006FEA3F /* Secret.swift in Sources */ = {isa = PBXBuildFile; fileRef = 2E3C93532214C464006FEA3F /* Secret.swift */; };
		9336FBFC2211EB20007C661B /* APIClient.swift in Sources */ = {isa = PBXBuildFile; fileRef = 9336FBFB2211EB20007C661B /* APIClient.swift */; };
		9336FC342215F640007C661B /* SecretKeys.swift in Sources */ = {isa = PBXBuildFile; fileRef = 9336FC332215F640007C661B /* SecretKeys.swift */; };
		D6877674220E262000664CF3 /* AppDelegate.swift in Sources */ = {isa = PBXBuildFile; fileRef = D6877673220E262000664CF3 /* AppDelegate.swift */; };
		D687767B220E262200664CF3 /* Assets.xcassets in Resources */ = {isa = PBXBuildFile; fileRef = D687767A220E262200664CF3 /* Assets.xcassets */; };
		D687767E220E262200664CF3 /* LaunchScreen.storyboard in Resources */ = {isa = PBXBuildFile; fileRef = D687767C220E262200664CF3 /* LaunchScreen.storyboard */; };
		D687768C220E2ECB00664CF3 /* NetworkHelper.swift in Sources */ = {isa = PBXBuildFile; fileRef = D687768B220E2ECB00664CF3 /* NetworkHelper.swift */; };
		D687768E220E2EDC00664CF3 /* ImageHelper.swift in Sources */ = {isa = PBXBuildFile; fileRef = D687768D220E2EDC00664CF3 /* ImageHelper.swift */; };
		D6877690220E2EEE00664CF3 /* AppError.swift in Sources */ = {isa = PBXBuildFile; fileRef = D687768F220E2EEE00664CF3 /* AppError.swift */; };
		D6877693220E2F7300664CF3 /* VC+Extensions.swift in Sources */ = {isa = PBXBuildFile; fileRef = D6877692220E2F7300664CF3 /* VC+Extensions.swift */; };
		D6877696220E2FA300664CF3 /* Date+Extensions.swift in Sources */ = {isa = PBXBuildFile; fileRef = D6877695220E2FA300664CF3 /* Date+Extensions.swift */; };
		D6877698220E2FBB00664CF3 /* String+DateExtensions.swift in Sources */ = {isa = PBXBuildFile; fileRef = D6877697220E2FBB00664CF3 /* String+DateExtensions.swift */; };
		D687769B220E301A00664CF3 /* UIColor+Extensions.swift in Sources */ = {isa = PBXBuildFile; fileRef = D687769A220E301A00664CF3 /* UIColor+Extensions.swift */; };
		D687769E220E306300664CF3 /* DataPersistenceManager.swift in Sources */ = {isa = PBXBuildFile; fileRef = D687769D220E306300664CF3 /* DataPersistenceManager.swift */; };
/* End PBXBuildFile section */

/* Begin PBXFileReference section */
		1F39D7452214BEBC0089F641 /* FavoritesCollectionViewCell.swift */ = {isa = PBXFileReference; lastKnownFileType = sourcecode.swift; path = FavoritesCollectionViewCell.swift; sourceTree = "<group>"; };
		1F39D7472215D9A00089F641 /* SecretKeys.swift */ = {isa = PBXFileReference; lastKnownFileType = sourcecode.swift; path = SecretKeys.swift; sourceTree = "<group>"; };
		2E3C93192211E0F4006FEA3F /* SearchViewController.swift */ = {isa = PBXFileReference; lastKnownFileType = sourcecode.swift; path = SearchViewController.swift; sourceTree = "<group>"; };
		2E3C931B2211E129006FEA3F /* MapViewController.swift */ = {isa = PBXFileReference; lastKnownFileType = sourcecode.swift; path = MapViewController.swift; sourceTree = "<group>"; };
		2E3C931E2211E1D1006FEA3F /* SettingsViewController.swift */ = {isa = PBXFileReference; lastKnownFileType = sourcecode.swift; path = SettingsViewController.swift; sourceTree = "<group>"; };
		2E3C93202211E1EA006FEA3F /* FavoritesViewController.swift */ = {isa = PBXFileReference; lastKnownFileType = sourcecode.swift; path = FavoritesViewController.swift; sourceTree = "<group>"; };
		2E3C93222211E21A006FEA3F /* SearchDetailViewController.swift */ = {isa = PBXFileReference; lastKnownFileType = sourcecode.swift; path = SearchDetailViewController.swift; sourceTree = "<group>"; };
		2E3C93242211E4A2006FEA3F /* SearchView.swift */ = {isa = PBXFileReference; lastKnownFileType = sourcecode.swift; path = SearchView.swift; sourceTree = "<group>"; };
		2E3C93262211E4D2006FEA3F /* SearchDetailView.swift */ = {isa = PBXFileReference; lastKnownFileType = sourcecode.swift; path = SearchDetailView.swift; sourceTree = "<group>"; };
		2E3C93282211E4ED006FEA3F /* MapView.swift */ = {isa = PBXFileReference; lastKnownFileType = sourcecode.swift; path = MapView.swift; sourceTree = "<group>"; };
		2E3C932A2211E524006FEA3F /* SettingsView.swift */ = {isa = PBXFileReference; lastKnownFileType = sourcecode.swift; path = SettingsView.swift; sourceTree = "<group>"; };
		2E3C932C2211E531006FEA3F /* FavoritesView.swift */ = {isa = PBXFileReference; lastKnownFileType = sourcecode.swift; path = FavoritesView.swift; sourceTree = "<group>"; };
		2E3C932F2211E5BE006FEA3F /* Venue.swift */ = {isa = PBXFileReference; lastKnownFileType = sourcecode.swift; path = Venue.swift; sourceTree = "<group>"; };
		2E3C93312211E5EC006FEA3F /* Photo.swift */ = {isa = PBXFileReference; lastKnownFileType = sourcecode.swift; path = Photo.swift; sourceTree = "<group>"; };
		2E3C93532214C464006FEA3F /* Secret.swift */ = {isa = PBXFileReference; lastKnownFileType = sourcecode.swift; path = Secret.swift; sourceTree = "<group>"; };
		9336FBFB2211EB20007C661B /* APIClient.swift */ = {isa = PBXFileReference; lastKnownFileType = sourcecode.swift; path = APIClient.swift; sourceTree = "<group>"; };
		9336FC332215F640007C661B /* SecretKeys.swift */ = {isa = PBXFileReference; fileEncoding = 4; lastKnownFileType = sourcecode.swift; path = SecretKeys.swift; sourceTree = "<group>"; };
		D6877670220E262000664CF3 /* Venues_App.app */ = {isa = PBXFileReference; explicitFileType = wrapper.application; includeInIndex = 0; path = Venues_App.app; sourceTree = BUILT_PRODUCTS_DIR; };
		D6877673220E262000664CF3 /* AppDelegate.swift */ = {isa = PBXFileReference; lastKnownFileType = sourcecode.swift; path = AppDelegate.swift; sourceTree = "<group>"; };
		D687767A220E262200664CF3 /* Assets.xcassets */ = {isa = PBXFileReference; lastKnownFileType = folder.assetcatalog; path = Assets.xcassets; sourceTree = "<group>"; };
		D687767D220E262200664CF3 /* Base */ = {isa = PBXFileReference; lastKnownFileType = file.storyboard; name = Base; path = Base.lproj/LaunchScreen.storyboard; sourceTree = "<group>"; };
		D687767F220E262200664CF3 /* Info.plist */ = {isa = PBXFileReference; lastKnownFileType = text.plist.xml; path = Info.plist; sourceTree = "<group>"; };
		D687768B220E2ECB00664CF3 /* NetworkHelper.swift */ = {isa = PBXFileReference; lastKnownFileType = sourcecode.swift; path = NetworkHelper.swift; sourceTree = "<group>"; };
		D687768D220E2EDC00664CF3 /* ImageHelper.swift */ = {isa = PBXFileReference; lastKnownFileType = sourcecode.swift; path = ImageHelper.swift; sourceTree = "<group>"; };
		D687768F220E2EEE00664CF3 /* AppError.swift */ = {isa = PBXFileReference; lastKnownFileType = sourcecode.swift; path = AppError.swift; sourceTree = "<group>"; };
		D6877692220E2F7300664CF3 /* VC+Extensions.swift */ = {isa = PBXFileReference; lastKnownFileType = sourcecode.swift; path = "VC+Extensions.swift"; sourceTree = "<group>"; };
		D6877695220E2FA300664CF3 /* Date+Extensions.swift */ = {isa = PBXFileReference; lastKnownFileType = sourcecode.swift; path = "Date+Extensions.swift"; sourceTree = "<group>"; };
		D6877697220E2FBB00664CF3 /* String+DateExtensions.swift */ = {isa = PBXFileReference; lastKnownFileType = sourcecode.swift; path = "String+DateExtensions.swift"; sourceTree = "<group>"; };
		D687769A220E301A00664CF3 /* UIColor+Extensions.swift */ = {isa = PBXFileReference; lastKnownFileType = sourcecode.swift; path = "UIColor+Extensions.swift"; sourceTree = "<group>"; };
		D687769D220E306300664CF3 /* DataPersistenceManager.swift */ = {isa = PBXFileReference; lastKnownFileType = sourcecode.swift; path = DataPersistenceManager.swift; sourceTree = "<group>"; };
/* End PBXFileReference section */

/* Begin PBXFrameworksBuildPhase section */
		D687766D220E262000664CF3 /* Frameworks */ = {
			isa = PBXFrameworksBuildPhase;
			buildActionMask = 2147483647;
			files = (
			);
			runOnlyForDeploymentPostprocessing = 0;
		};
/* End PBXFrameworksBuildPhase section */

/* Begin PBXGroup section */
		2E3C931D2211E161006FEA3F /* Controller */ = {
			isa = PBXGroup;
			children = (
				2E3C93192211E0F4006FEA3F /* SearchViewController.swift */,
				2E3C93222211E21A006FEA3F /* SearchDetailViewController.swift */,
				2E3C931B2211E129006FEA3F /* MapViewController.swift */,
				2E3C931E2211E1D1006FEA3F /* SettingsViewController.swift */,
				2E3C93202211E1EA006FEA3F /* FavoritesViewController.swift */,
			);
			path = Controller;
			sourceTree = "<group>";
		};
		2E3C932E2211E540006FEA3F /* View */ = {
			isa = PBXGroup;
			children = (
				2E3C93242211E4A2006FEA3F /* SearchView.swift */,
				2E3C93262211E4D2006FEA3F /* SearchDetailView.swift */,
				2E3C93282211E4ED006FEA3F /* MapView.swift */,
				2E3C932A2211E524006FEA3F /* SettingsView.swift */,
				2E3C932C2211E531006FEA3F /* FavoritesView.swift */,
			);
			path = View;
			sourceTree = "<group>";
		};
		2E3C93332211E5FA006FEA3F /* Model */ = {
			isa = PBXGroup;
			children = (
				2E3C932F2211E5BE006FEA3F /* Venue.swift */,
				2E3C93312211E5EC006FEA3F /* Photo.swift */,
				1F39D7472215D9A00089F641 /* SecretKeys.swift */,
			);
			path = Model;
			sourceTree = "<group>";
		};
		9336FC322215F640007C661B /* Secret */ = {
			isa = PBXGroup;
			children = (
				9336FC332215F640007C661B /* SecretKeys.swift */,
			);
			name = Secret;
			path = ../../Secret;
			sourceTree = "<group>";
		};
		D6877667220E262000664CF3 = {
			isa = PBXGroup;
			children = (
				2E3C93532214C464006FEA3F /* Secret.swift */,
				D6877672220E262000664CF3 /* Venues_App */,
				D6877671220E262000664CF3 /* Products */,
			);
			sourceTree = "<group>";
		};
		D6877671220E262000664CF3 /* Products */ = {
			isa = PBXGroup;
			children = (
				D6877670220E262000664CF3 /* Venues_App.app */,
			);
			name = Products;
			sourceTree = "<group>";
		};
		D6877672220E262000664CF3 /* Venues_App */ = {
			isa = PBXGroup;
			children = (
				D6877673220E262000664CF3 /* AppDelegate.swift */,
				1F39D7452214BEBC0089F641 /* FavoritesCollectionViewCell.swift */,
				9336FC322215F640007C661B /* Secret */,
				2E3C931D2211E161006FEA3F /* Controller */,
				2E3C93332211E5FA006FEA3F /* Model */,
				2E3C932E2211E540006FEA3F /* View */,
				D6877691220E2F4800664CF3 /* Alert Helper */,
				D6877699220E2FFA00664CF3 /* Color Helper */,
				D6877694220E2F8A00664CF3 /* Date Helpers */,
				D687769C220E304500664CF3 /* File Manager Helper */,
				D687768A220E2EB600664CF3 /* Network Services */,
				D6877688220E2C2100664CF3 /* Suporting Files */,
				D687767F220E262200664CF3 /* Info.plist */,
			);
			path = Venues_App;
			sourceTree = "<group>";
		};
		D6877688220E2C2100664CF3 /* Suporting Files */ = {
			isa = PBXGroup;
			children = (
				D687767A220E262200664CF3 /* Assets.xcassets */,
				D687767C220E262200664CF3 /* LaunchScreen.storyboard */,
			);
			path = "Suporting Files";
			sourceTree = "<group>";
		};
		D687768A220E2EB600664CF3 /* Network Services */ = {
			isa = PBXGroup;
			children = (
				D687768D220E2EDC00664CF3 /* ImageHelper.swift */,
				D687768B220E2ECB00664CF3 /* NetworkHelper.swift */,
				D687768F220E2EEE00664CF3 /* AppError.swift */,
				9336FBFB2211EB20007C661B /* APIClient.swift */,
			);
			path = "Network Services";
			sourceTree = "<group>";
		};
		D6877691220E2F4800664CF3 /* Alert Helper */ = {
			isa = PBXGroup;
			children = (
				D6877692220E2F7300664CF3 /* VC+Extensions.swift */,
			);
			path = "Alert Helper";
			sourceTree = "<group>";
		};
		D6877694220E2F8A00664CF3 /* Date Helpers */ = {
			isa = PBXGroup;
			children = (
				D6877695220E2FA300664CF3 /* Date+Extensions.swift */,
				D6877697220E2FBB00664CF3 /* String+DateExtensions.swift */,
			);
			path = "Date Helpers";
			sourceTree = "<group>";
		};
		D6877699220E2FFA00664CF3 /* Color Helper */ = {
			isa = PBXGroup;
			children = (
				D687769A220E301A00664CF3 /* UIColor+Extensions.swift */,
			);
			path = "Color Helper";
			sourceTree = "<group>";
		};
		D687769C220E304500664CF3 /* File Manager Helper */ = {
			isa = PBXGroup;
			children = (
				D687769D220E306300664CF3 /* DataPersistenceManager.swift */,
			);
			path = "File Manager Helper";
			sourceTree = "<group>";
		};
/* End PBXGroup section */

/* Begin PBXNativeTarget section */
		D687766F220E262000664CF3 /* Venues_App */ = {
			isa = PBXNativeTarget;
			buildConfigurationList = D6877682220E262200664CF3 /* Build configuration list for PBXNativeTarget "Venues_App" */;
			buildPhases = (
				D687766C220E262000664CF3 /* Sources */,
				D687766D220E262000664CF3 /* Frameworks */,
				D687766E220E262000664CF3 /* Resources */,
			);
			buildRules = (
			);
			dependencies = (
			);
			name = Venues_App;
			productName = Venues_App;
			productReference = D6877670220E262000664CF3 /* Venues_App.app */;
			productType = "com.apple.product-type.application";
		};
/* End PBXNativeTarget section */

/* Begin PBXProject section */
		D6877668220E262000664CF3 /* Project object */ = {
			isa = PBXProject;
			attributes = {
				LastSwiftUpdateCheck = 1010;
				LastUpgradeCheck = 1010;
				ORGANIZATIONNAME = "Jian Ting Li";
				TargetAttributes = {
					D687766F220E262000664CF3 = {
						CreatedOnToolsVersion = 10.1;
					};
				};
			};
			buildConfigurationList = D687766B220E262000664CF3 /* Build configuration list for PBXProject "Venues_App" */;
			compatibilityVersion = "Xcode 9.3";
			developmentRegion = en;
			hasScannedForEncodings = 0;
			knownRegions = (
				en,
				Base,
			);
			mainGroup = D6877667220E262000664CF3;
			productRefGroup = D6877671220E262000664CF3 /* Products */;
			projectDirPath = "";
			projectRoot = "";
			targets = (
				D687766F220E262000664CF3 /* Venues_App */,
			);
		};
/* End PBXProject section */

/* Begin PBXResourcesBuildPhase section */
		D687766E220E262000664CF3 /* Resources */ = {
			isa = PBXResourcesBuildPhase;
			buildActionMask = 2147483647;
			files = (
				D687767E220E262200664CF3 /* LaunchScreen.storyboard in Resources */,
				D687767B220E262200664CF3 /* Assets.xcassets in Resources */,
			);
			runOnlyForDeploymentPostprocessing = 0;
		};
/* End PBXResourcesBuildPhase section */

/* Begin PBXSourcesBuildPhase section */
		D687766C220E262000664CF3 /* Sources */ = {
			isa = PBXSourcesBuildPhase;
			buildActionMask = 2147483647;
			files = (
				2E3C932D2211E531006FEA3F /* FavoritesView.swift in Sources */,
				D687768C220E2ECB00664CF3 /* NetworkHelper.swift in Sources */,
				2E3C93232211E21A006FEA3F /* SearchDetailViewController.swift in Sources */,
				2E3C931A2211E0F4006FEA3F /* SearchViewController.swift in Sources */,
				2E3C93212211E1EA006FEA3F /* FavoritesViewController.swift in Sources */,

				1F39D7482215D9A00089F641 /* SecretKeys.swift in Sources */,

				D6877696220E2FA300664CF3 /* Date+Extensions.swift in Sources */,
				2E3C93272211E4D2006FEA3F /* SearchDetailView.swift in Sources */,
				D6877693220E2F7300664CF3 /* VC+Extensions.swift in Sources */,
				2E3C93292211E4ED006FEA3F /* MapView.swift in Sources */,
				1F39D7462214BEBC0089F641 /* FavoritesCollectionViewCell.swift in Sources */,
				D6877690220E2EEE00664CF3 /* AppError.swift in Sources */,
				2E3C93302211E5BE006FEA3F /* Venue.swift in Sources */,
				D6877674220E262000664CF3 /* AppDelegate.swift in Sources */,
				D6877698220E2FBB00664CF3 /* String+DateExtensions.swift in Sources */,
				2E3C931C2211E129006FEA3F /* MapViewController.swift in Sources */,
				2E3C93542214C464006FEA3F /* Secret.swift in Sources */,
				D687769B220E301A00664CF3 /* UIColor+Extensions.swift in Sources */,
				D687768E220E2EDC00664CF3 /* ImageHelper.swift in Sources */,
				2E3C93252211E4A2006FEA3F /* SearchView.swift in Sources */,
				2E3C931F2211E1D1006FEA3F /* SettingsViewController.swift in Sources */,
				2E3C93322211E5EC006FEA3F /* Photo.swift in Sources */,
				D687769E220E306300664CF3 /* DataPersistenceManager.swift in Sources */,
				2E3C932B2211E524006FEA3F /* SettingsView.swift in Sources */,
				9336FBFC2211EB20007C661B /* APIClient.swift in Sources */,
			);
			runOnlyForDeploymentPostprocessing = 0;
		};
/* End PBXSourcesBuildPhase section */

/* Begin PBXVariantGroup section */
		D687767C220E262200664CF3 /* LaunchScreen.storyboard */ = {
			isa = PBXVariantGroup;
			children = (
				D687767D220E262200664CF3 /* Base */,
			);
			name = LaunchScreen.storyboard;
			sourceTree = "<group>";
		};
/* End PBXVariantGroup section */

/* Begin XCBuildConfiguration section */
		D6877680220E262200664CF3 /* Debug */ = {
			isa = XCBuildConfiguration;
			buildSettings = {
				ALWAYS_SEARCH_USER_PATHS = NO;
				CLANG_ANALYZER_NONNULL = YES;
				CLANG_ANALYZER_NUMBER_OBJECT_CONVERSION = YES_AGGRESSIVE;
				CLANG_CXX_LANGUAGE_STANDARD = "gnu++14";
				CLANG_CXX_LIBRARY = "libc++";
				CLANG_ENABLE_MODULES = YES;
				CLANG_ENABLE_OBJC_ARC = YES;
				CLANG_ENABLE_OBJC_WEAK = YES;
				CLANG_WARN_BLOCK_CAPTURE_AUTORELEASING = YES;
				CLANG_WARN_BOOL_CONVERSION = YES;
				CLANG_WARN_COMMA = YES;
				CLANG_WARN_CONSTANT_CONVERSION = YES;
				CLANG_WARN_DEPRECATED_OBJC_IMPLEMENTATIONS = YES;
				CLANG_WARN_DIRECT_OBJC_ISA_USAGE = YES_ERROR;
				CLANG_WARN_DOCUMENTATION_COMMENTS = YES;
				CLANG_WARN_EMPTY_BODY = YES;
				CLANG_WARN_ENUM_CONVERSION = YES;
				CLANG_WARN_INFINITE_RECURSION = YES;
				CLANG_WARN_INT_CONVERSION = YES;
				CLANG_WARN_NON_LITERAL_NULL_CONVERSION = YES;
				CLANG_WARN_OBJC_IMPLICIT_RETAIN_SELF = YES;
				CLANG_WARN_OBJC_LITERAL_CONVERSION = YES;
				CLANG_WARN_OBJC_ROOT_CLASS = YES_ERROR;
				CLANG_WARN_RANGE_LOOP_ANALYSIS = YES;
				CLANG_WARN_STRICT_PROTOTYPES = YES;
				CLANG_WARN_SUSPICIOUS_MOVE = YES;
				CLANG_WARN_UNGUARDED_AVAILABILITY = YES_AGGRESSIVE;
				CLANG_WARN_UNREACHABLE_CODE = YES;
				CLANG_WARN__DUPLICATE_METHOD_MATCH = YES;
				CODE_SIGN_IDENTITY = "iPhone Developer";
				COPY_PHASE_STRIP = NO;
				DEBUG_INFORMATION_FORMAT = dwarf;
				ENABLE_STRICT_OBJC_MSGSEND = YES;
				ENABLE_TESTABILITY = YES;
				GCC_C_LANGUAGE_STANDARD = gnu11;
				GCC_DYNAMIC_NO_PIC = NO;
				GCC_NO_COMMON_BLOCKS = YES;
				GCC_OPTIMIZATION_LEVEL = 0;
				GCC_PREPROCESSOR_DEFINITIONS = (
					"DEBUG=1",
					"$(inherited)",
				);
				GCC_WARN_64_TO_32_BIT_CONVERSION = YES;
				GCC_WARN_ABOUT_RETURN_TYPE = YES_ERROR;
				GCC_WARN_UNDECLARED_SELECTOR = YES;
				GCC_WARN_UNINITIALIZED_AUTOS = YES_AGGRESSIVE;
				GCC_WARN_UNUSED_FUNCTION = YES;
				GCC_WARN_UNUSED_VARIABLE = YES;
				IPHONEOS_DEPLOYMENT_TARGET = 12.1;
				MTL_ENABLE_DEBUG_INFO = INCLUDE_SOURCE;
				MTL_FAST_MATH = YES;
				ONLY_ACTIVE_ARCH = YES;
				SDKROOT = iphoneos;
				SWIFT_ACTIVE_COMPILATION_CONDITIONS = DEBUG;
				SWIFT_OPTIMIZATION_LEVEL = "-Onone";
			};
			name = Debug;
		};
		D6877681220E262200664CF3 /* Release */ = {
			isa = XCBuildConfiguration;
			buildSettings = {
				ALWAYS_SEARCH_USER_PATHS = NO;
				CLANG_ANALYZER_NONNULL = YES;
				CLANG_ANALYZER_NUMBER_OBJECT_CONVERSION = YES_AGGRESSIVE;
				CLANG_CXX_LANGUAGE_STANDARD = "gnu++14";
				CLANG_CXX_LIBRARY = "libc++";
				CLANG_ENABLE_MODULES = YES;
				CLANG_ENABLE_OBJC_ARC = YES;
				CLANG_ENABLE_OBJC_WEAK = YES;
				CLANG_WARN_BLOCK_CAPTURE_AUTORELEASING = YES;
				CLANG_WARN_BOOL_CONVERSION = YES;
				CLANG_WARN_COMMA = YES;
				CLANG_WARN_CONSTANT_CONVERSION = YES;
				CLANG_WARN_DEPRECATED_OBJC_IMPLEMENTATIONS = YES;
				CLANG_WARN_DIRECT_OBJC_ISA_USAGE = YES_ERROR;
				CLANG_WARN_DOCUMENTATION_COMMENTS = YES;
				CLANG_WARN_EMPTY_BODY = YES;
				CLANG_WARN_ENUM_CONVERSION = YES;
				CLANG_WARN_INFINITE_RECURSION = YES;
				CLANG_WARN_INT_CONVERSION = YES;
				CLANG_WARN_NON_LITERAL_NULL_CONVERSION = YES;
				CLANG_WARN_OBJC_IMPLICIT_RETAIN_SELF = YES;
				CLANG_WARN_OBJC_LITERAL_CONVERSION = YES;
				CLANG_WARN_OBJC_ROOT_CLASS = YES_ERROR;
				CLANG_WARN_RANGE_LOOP_ANALYSIS = YES;
				CLANG_WARN_STRICT_PROTOTYPES = YES;
				CLANG_WARN_SUSPICIOUS_MOVE = YES;
				CLANG_WARN_UNGUARDED_AVAILABILITY = YES_AGGRESSIVE;
				CLANG_WARN_UNREACHABLE_CODE = YES;
				CLANG_WARN__DUPLICATE_METHOD_MATCH = YES;
				CODE_SIGN_IDENTITY = "iPhone Developer";
				COPY_PHASE_STRIP = NO;
				DEBUG_INFORMATION_FORMAT = "dwarf-with-dsym";
				ENABLE_NS_ASSERTIONS = NO;
				ENABLE_STRICT_OBJC_MSGSEND = YES;
				GCC_C_LANGUAGE_STANDARD = gnu11;
				GCC_NO_COMMON_BLOCKS = YES;
				GCC_WARN_64_TO_32_BIT_CONVERSION = YES;
				GCC_WARN_ABOUT_RETURN_TYPE = YES_ERROR;
				GCC_WARN_UNDECLARED_SELECTOR = YES;
				GCC_WARN_UNINITIALIZED_AUTOS = YES_AGGRESSIVE;
				GCC_WARN_UNUSED_FUNCTION = YES;
				GCC_WARN_UNUSED_VARIABLE = YES;
				IPHONEOS_DEPLOYMENT_TARGET = 12.1;
				MTL_ENABLE_DEBUG_INFO = NO;
				MTL_FAST_MATH = YES;
				SDKROOT = iphoneos;
				SWIFT_COMPILATION_MODE = wholemodule;
				SWIFT_OPTIMIZATION_LEVEL = "-O";
				VALIDATE_PRODUCT = YES;
			};
			name = Release;
		};
		D6877683220E262200664CF3 /* Debug */ = {
			isa = XCBuildConfiguration;
			buildSettings = {
				ASSETCATALOG_COMPILER_APPICON_NAME = AppIcon;
				CODE_SIGN_STYLE = Automatic;
				DEVELOPMENT_TEAM = 752A7KA7V2;
				INFOPLIST_FILE = Venues_App/Info.plist;
				IPHONEOS_DEPLOYMENT_TARGET = 12.0;
				LD_RUNPATH_SEARCH_PATHS = (
					"$(inherited)",
					"@executable_path/Frameworks",
				);
				PRODUCT_BUNDLE_IDENTIFIER = "org.pursuit.Venues-App";
				PRODUCT_NAME = "$(TARGET_NAME)";
				SWIFT_VERSION = 4.2;
				TARGETED_DEVICE_FAMILY = "1,2";
			};
			name = Debug;
		};
		D6877684220E262200664CF3 /* Release */ = {
			isa = XCBuildConfiguration;
			buildSettings = {
				ASSETCATALOG_COMPILER_APPICON_NAME = AppIcon;
				CODE_SIGN_STYLE = Automatic;
				DEVELOPMENT_TEAM = 752A7KA7V2;
				INFOPLIST_FILE = Venues_App/Info.plist;
				IPHONEOS_DEPLOYMENT_TARGET = 12.0;
				LD_RUNPATH_SEARCH_PATHS = (
					"$(inherited)",
					"@executable_path/Frameworks",
				);
				PRODUCT_BUNDLE_IDENTIFIER = "org.pursuit.Venues-App";
				PRODUCT_NAME = "$(TARGET_NAME)";
				SWIFT_VERSION = 4.2;
				TARGETED_DEVICE_FAMILY = "1,2";
			};
			name = Release;
		};
/* End XCBuildConfiguration section */

/* Begin XCConfigurationList section */
		D687766B220E262000664CF3 /* Build configuration list for PBXProject "Venues_App" */ = {
			isa = XCConfigurationList;
			buildConfigurations = (
				D6877680220E262200664CF3 /* Debug */,
				D6877681220E262200664CF3 /* Release */,
			);
			defaultConfigurationIsVisible = 0;
			defaultConfigurationName = Release;
		};
		D6877682220E262200664CF3 /* Build configuration list for PBXNativeTarget "Venues_App" */ = {
			isa = XCConfigurationList;
			buildConfigurations = (
				D6877683220E262200664CF3 /* Debug */,
				D6877684220E262200664CF3 /* Release */,
			);
			defaultConfigurationIsVisible = 0;
			defaultConfigurationName = Release;
		};
/* End XCConfigurationList section */
	};
	rootObject = D6877668220E262000664CF3 /* Project object */;
}
